
Microsoft Visual Studio Solution File, Format Version 12.00
# Visual Studio Version 16
VisualStudioVersion = 16.0.29911.84
MinimumVisualStudioVersion = 10.0.40219.1
Project("{8BC9CEB8-8B4A-11D0-8D11-00A0C91BC942}") = "Project1", "Project1\Project1.vcxproj", "{183983ED-EF5E-4D11-8965-7906C6D324EE}"
EndProject
Global
	GlobalSection(SolutionConfigurationPlatforms) = preSolution
		Debug|x64 = Debug|x64
		Debug|x86 = Debug|x86
		Release|x64 = Release|x64
		Release|x86 = Release|x86
	EndGlobalSection
	GlobalSection(ProjectConfigurationPlatforms) = postSolution
		{183983ED-EF5E-4D11-8965-7906C6D324EE}.Debug|x64.ActiveCfg = Debug|x64
		{183983ED-EF5E-4D11-8965-7906C6D324EE}.Debug|x64.Build.0 = Debug|x64
		{183983ED-EF5E-4D11-8965-7906C6D324EE}.Debug|x86.ActiveCfg = Debug|Win32
		{183983ED-EF5E-4D11-8965-7906C6D324EE}.Debug|x86.Build.0 = Debug|Win32
		{183983ED-EF5E-4D11-8965-7906C6D324EE}.Release|x64.ActiveCfg = Release|x64
		{183983ED-EF5E-4D11-8965-7906C6D324EE}.Release|x64.Build.0 = Release|x64
		{183983ED-EF5E-4D11-8965-7906C6D324EE}.Release|x86.ActiveCfg = Release|Win32
		{183983ED-EF5E-4D11-8965-7906C6D324EE}.Release|x86.Build.0 = Release|Win32
	EndGlobalSection
	GlobalSection(SolutionProperties) = preSolution
		HideSolutionNode = FALSE
	EndGlobalSection
	GlobalSection(ExtensibilityGlobals) = postSolution
		SolutionGuid = {9DD303A8-C15B-4481-9731-64EAE1D24D3B}
	EndGlobalSection
EndGlobal
